
Microsoft Visual Studio Solution File, Format Version 12.00
# Visual Studio 2013
Project("{8BC9CEB8-8B4A-11D0-8D11-00A0C91BC942}") = "lua-5.1.4", "build\lua-5.1.4\lua-5.1.4_vs2013.vcxproj", "{C3234523-74BB-4EEB-AC15-1D1234130406}"
EndProject
Project("{8BC9CEB8-8B4A-11D0-8D11-00A0C91BC942}") = "lua-5.1.4_compiler", "build\lua-5.1.4_compiler\lua-5.1.4_compiler_vs2013.vcxproj", "{7F86714E-EA4D-43CF-9C3A-C42AC4924EFA}"
	ProjectSection(ProjectDependencies) = postProject
		{C3234523-74BB-4EEB-AC15-1D1234130406} = {C3234523-74BB-4EEB-AC15-1D1234130406}
	EndProjectSection
EndProject
Global
	GlobalSection(SolutionConfigurationPlatforms) = preSolution
		Debug|Win32 Static DCRT = Debug|Win32 Static DCRT
		Debug|Win32 Static SCRT = Debug|Win32 Static SCRT
		Debug|Win64 Static DCRT = Debug|Win64 Static DCRT
		Debug|Win64 Static SCRT = Debug|Win64 Static SCRT
		Release|Win32 Static DCRT = Release|Win32 Static DCRT
		Release|Win32 Static SCRT = Release|Win32 Static SCRT
		Release|Win64 Static DCRT = Release|Win64 Static DCRT
		Release|Win64 Static SCRT = Release|Win64 Static SCRT
	EndGlobalSection
	GlobalSection(ProjectConfigurationPlatforms) = postSolution
		{C3234523-74BB-4EEB-AC15-1D1234130406}.Debug|Win32 Static DCRT.ActiveCfg = Debug Win32 Static DCRT|Win32
		{C3234523-74BB-4EEB-AC15-1D1234130406}.Debug|Win32 Static DCRT.Build.0 = Debug Win32 Static DCRT|Win32
		{C3234523-74BB-4EEB-AC15-1D1234130406}.Debug|Win32 Static SCRT.ActiveCfg = Debug Win32 Static SCRT|Win32
		{C3234523-74BB-4EEB-AC15-1D1234130406}.Debug|Win32 Static SCRT.Build.0 = Debug Win32 Static SCRT|Win32
		{C3234523-74BB-4EEB-AC15-1D1234130406}.Debug|Win64 Static DCRT.ActiveCfg = Debug Win64 Static DCRT|x64
		{C3234523-74BB-4EEB-AC15-1D1234130406}.Debug|Win64 Static DCRT.Build.0 = Debug Win64 Static DCRT|x64
		{C3234523-74BB-4EEB-AC15-1D1234130406}.Debug|Win64 Static SCRT.ActiveCfg = Debug Win64 Static SCRT|x64
		{C3234523-74BB-4EEB-AC15-1D1234130406}.Debug|Win64 Static SCRT.Build.0 = Debug Win64 Static SCRT|x64
		{C3234523-74BB-4EEB-AC15-1D1234130406}.Release|Win32 Static DCRT.ActiveCfg = Release Win32 Static DCRT|Win32
		{C3234523-74BB-4EEB-AC15-1D1234130406}.Release|Win32 Static DCRT.Build.0 = Release Win32 Static DCRT|Win32
		{C3234523-74BB-4EEB-AC15-1D1234130406}.Release|Win32 Static SCRT.ActiveCfg = Release Win32 Static SCRT|Win32
		{C3234523-74BB-4EEB-AC15-1D1234130406}.Release|Win32 Static SCRT.Build.0 = Release Win32 Static SCRT|Win32
		{C3234523-74BB-4EEB-AC15-1D1234130406}.Release|Win64 Static DCRT.ActiveCfg = Release Win64 Static DCRT|x64
		{C3234523-74BB-4EEB-AC15-1D1234130406}.Release|Win64 Static DCRT.Build.0 = Release Win64 Static DCRT|x64
		{C3234523-74BB-4EEB-AC15-1D1234130406}.Release|Win64 Static SCRT.ActiveCfg = Release Win64 Static SCRT|x64
		{C3234523-74BB-4EEB-AC15-1D1234130406}.Release|Win64 Static SCRT.Build.0 = Release Win64 Static SCRT|x64
		{7F86714E-EA4D-43CF-9C3A-C42AC4924EFA}.Debug|Win32 Static DCRT.ActiveCfg = Debug Win32 Static DCRT|Win32
		{7F86714E-EA4D-43CF-9C3A-C42AC4924EFA}.Debug|Win32 Static DCRT.Build.0 = Debug Win32 Static DCRT|Win32
		{7F86714E-EA4D-43CF-9C3A-C42AC4924EFA}.Debug|Win32 Static SCRT.ActiveCfg = Debug Win32 Static SCRT|Win32
		{7F86714E-EA4D-43CF-9C3A-C42AC4924EFA}.Debug|Win32 Static SCRT.Build.0 = Debug Win32 Static SCRT|Win32
		{7F86714E-EA4D-43CF-9C3A-C42AC4924EFA}.Debug|Win64 Static DCRT.ActiveCfg = Debug Win64 Static DCRT|x64
		{7F86714E-EA4D-43CF-9C3A-C42AC4924EFA}.Debug|Win64 Static DCRT.Build.0 = Debug Win64 Static DCRT|x64
		{7F86714E-EA4D-43CF-9C3A-C42AC4924EFA}.Debug|Win64 Static SCRT.ActiveCfg = Debug Win64 Static SCRT|x64
		{7F86714E-EA4D-43CF-9C3A-C42AC4924EFA}.Debug|Win64 Static SCRT.Build.0 = Debug Win64 Static SCRT|x64
		{7F86714E-EA4D-43CF-9C3A-C42AC4924EFA}.Release|Win32 Static DCRT.ActiveCfg = Release Win32 Static DCRT|Win32
		{7F86714E-EA4D-43CF-9C3A-C42AC4924EFA}.Release|Win32 Static DCRT.Build.0 = Release Win32 Static DCRT|Win32
		{7F86714E-EA4D-43CF-9C3A-C42AC4924EFA}.Release|Win32 Static SCRT.ActiveCfg = Release Win32 Static SCRT|Win32
		{7F86714E-EA4D-43CF-9C3A-C42AC4924EFA}.Release|Win32 Static SCRT.Build.0 = Release Win32 Static SCRT|Win32
		{7F86714E-EA4D-43CF-9C3A-C42AC4924EFA}.Release|Win64 Static DCRT.ActiveCfg = Release Win64 Static DCRT|x64
		{7F86714E-EA4D-43CF-9C3A-C42AC4924EFA}.Release|Win64 Static DCRT.Build.0 = Release Win64 Static DCRT|x64
		{7F86714E-EA4D-43CF-9C3A-C42AC4924EFA}.Release|Win64 Static SCRT.ActiveCfg = Release Win64 Static SCRT|x64
		{7F86714E-EA4D-43CF-9C3A-C42AC4924EFA}.Release|Win64 Static SCRT.Build.0 = Release Win64 Static SCRT|x64
	EndGlobalSection
	GlobalSection(SolutionProperties) = preSolution
		HideSolutionNode = FALSE
	EndGlobalSection
EndGlobal
